
Microsoft Visual Studio Solution File, Format Version 12.00
# Visual Studio Version 17
VisualStudioVersion = 17.8.34511.84
MinimumVisualStudioVersion = 10.0.40219.1
Project("{9A19103F-16F7-4668-BE54-9A1E7A4F7556}") = "SpeechPortalPoc", "SpeechPortalPoc\SpeechPortalPoc.csproj", "{00BC38BB-1634-41FE-9615-AF52A33578F8}"
EndProject
Global
	GlobalSection(SolutionConfigurationPlatforms) = preSolution
		Debug|Any CPU = Debug|Any CPU
		Release|Any CPU = Release|Any CPU
	EndGlobalSection
	GlobalSection(ProjectConfigurationPlatforms) = postSolution
		{00BC38BB-1634-41FE-9615-AF52A33578F8}.Debug|Any CPU.ActiveCfg = Debug|Any CPU
		{00BC38BB-1634-41FE-9615-AF52A33578F8}.Debug|Any CPU.Build.0 = Debug|Any CPU
		{00BC38BB-1634-41FE-9615-AF52A33578F8}.Release|Any CPU.ActiveCfg = Release|Any CPU
		{00BC38BB-1634-41FE-9615-AF52A33578F8}.Release|Any CPU.Build.0 = Release|Any CPU
	EndGlobalSection
	GlobalSection(SolutionProperties) = preSolution
		HideSolutionNode = FALSE
	EndGlobalSection
	GlobalSection(ExtensibilityGlobals) = postSolution
		SolutionGuid = {0B2E9D05-5A1F-485A-BE05-62E1E897A13E}
	EndGlobalSection
EndGlobal
